
Microsoft Visual Studio Solution File, Format Version 12.00
# Visual Studio Version 17
VisualStudioVersion = 17.0.31903.59
MinimumVisualStudioVersion = 10.0.40219.1
Project("{2150E333-8FDC-42A3-9474-1A3956D46DE8}") = "src", "src", "{F0444358-7DE7-4A4F-902E-A0F8608E5734}"
EndProject
Project("{FAE04EC0-301F-11D3-BF4B-00C04F79EFBC}") = "ZZLD_Form.API", "src\ZZLD_Form.API\ZZLD_Form.API.csproj", "{97FF9A9D-EF39-47A0-ACF5-5D58A89BADEA}"
EndProject
Project("{FAE04EC0-301F-11D3-BF4B-00C04F79EFBC}") = "ZZLD_Form.Core", "src\ZZLD_Form.Core\ZZLD_Form.Core.csproj", "{E1143420-88EA-4D22-9986-8596BA7AE697}"
EndProject
Project("{FAE04EC0-301F-11D3-BF4B-00C04F79EFBC}") = "ZZLD_Form.Infrastructure", "src\ZZLD_Form.Infrastructure\ZZLD_Form.Infrastructure.csproj", "{6976AC9F-75F9-49FC-8AA4-2460DFFD4C99}"
EndProject
Project("{FAE04EC0-301F-11D3-BF4B-00C04F79EFBC}") = "ZZLD_Form.Shared", "src\ZZLD_Form.Shared\ZZLD_Form.Shared.csproj", "{CE5DF212-D33F-45EC-8AD7-50946E3176B7}"
EndProject
Project("{2150E333-8FDC-42A3-9474-1A3956D46DE8}") = "tests", "tests", "{4EA9503B-0267-4995-98FB-79673CCF78CD}"
EndProject
Project("{FAE04EC0-301F-11D3-BF4B-00C04F79EFBC}") = "ZZLD_Form.UnitTests", "tests\ZZLD_Form.UnitTests\ZZLD_Form.UnitTests.csproj", "{6F967984-E4D2-41C1-A119-57FCF2FC892C}"
EndProject
Project("{FAE04EC0-301F-11D3-BF4B-00C04F79EFBC}") = "ZZLD_Form.IntegrationTests", "tests\ZZLD_Form.IntegrationTests\ZZLD_Form.IntegrationTests.csproj", "{23E2950D-444C-42BE-9386-8FF5B160F6B3}"
EndProject
Project("{FAE04EC0-301F-11D3-BF4B-00C04F79EFBC}") = "ZZLD_Form.E2ETests", "tests\ZZLD_Form.E2ETests\ZZLD_Form.E2ETests.csproj", "{269330C4-757A-4524-8336-576969F40ABB}"
EndProject
Global
	GlobalSection(SolutionConfigurationPlatforms) = preSolution
		Debug|Any CPU = Debug|Any CPU
		Release|Any CPU = Release|Any CPU
	EndGlobalSection
	GlobalSection(SolutionProperties) = preSolution
		HideSolutionNode = FALSE
	EndGlobalSection
	GlobalSection(ProjectConfigurationPlatforms) = postSolution
		{97FF9A9D-EF39-47A0-ACF5-5D58A89BADEA}.Debug|Any CPU.ActiveCfg = Debug|Any CPU
		{97FF9A9D-EF39-47A0-ACF5-5D58A89BADEA}.Debug|Any CPU.Build.0 = Debug|Any CPU
		{97FF9A9D-EF39-47A0-ACF5-5D58A89BADEA}.Release|Any CPU.ActiveCfg = Release|Any CPU
		{97FF9A9D-EF39-47A0-ACF5-5D58A89BADEA}.Release|Any CPU.Build.0 = Release|Any CPU
		{E1143420-88EA-4D22-9986-8596BA7AE697}.Debug|Any CPU.ActiveCfg = Debug|Any CPU
		{E1143420-88EA-4D22-9986-8596BA7AE697}.Debug|Any CPU.Build.0 = Debug|Any CPU
		{E1143420-88EA-4D22-9986-8596BA7AE697}.Release|Any CPU.ActiveCfg = Release|Any CPU
		{E1143420-88EA-4D22-9986-8596BA7AE697}.Release|Any CPU.Build.0 = Release|Any CPU
		{6976AC9F-75F9-49FC-8AA4-2460DFFD4C99}.Debug|Any CPU.ActiveCfg = Debug|Any CPU
		{6976AC9F-75F9-49FC-8AA4-2460DFFD4C99}.Debug|Any CPU.Build.0 = Debug|Any CPU
		{6976AC9F-75F9-49FC-8AA4-2460DFFD4C99}.Release|Any CPU.ActiveCfg = Release|Any CPU
		{6976AC9F-75F9-49FC-8AA4-2460DFFD4C99}.Release|Any CPU.Build.0 = Release|Any CPU
		{CE5DF212-D33F-45EC-8AD7-50946E3176B7}.Debug|Any CPU.ActiveCfg = Debug|Any CPU
		{CE5DF212-D33F-45EC-8AD7-50946E3176B7}.Debug|Any CPU.Build.0 = Debug|Any CPU
		{CE5DF212-D33F-45EC-8AD7-50946E3176B7}.Release|Any CPU.ActiveCfg = Release|Any CPU
		{CE5DF212-D33F-45EC-8AD7-50946E3176B7}.Release|Any CPU.Build.0 = Release|Any CPU
		{6F967984-E4D2-41C1-A119-57FCF2FC892C}.Debug|Any CPU.ActiveCfg = Debug|Any CPU
		{6F967984-E4D2-41C1-A119-57FCF2FC892C}.Debug|Any CPU.Build.0 = Debug|Any CPU
		{6F967984-E4D2-41C1-A119-57FCF2FC892C}.Release|Any CPU.ActiveCfg = Release|Any CPU
		{6F967984-E4D2-41C1-A119-57FCF2FC892C}.Release|Any CPU.Build.0 = Release|Any CPU
		{23E2950D-444C-42BE-9386-8FF5B160F6B3}.Debug|Any CPU.ActiveCfg = Debug|Any CPU
		{23E2950D-444C-42BE-9386-8FF5B160F6B3}.Debug|Any CPU.Build.0 = Debug|Any CPU
		{23E2950D-444C-42BE-9386-8FF5B160F6B3}.Release|Any CPU.ActiveCfg = Release|Any CPU
		{23E2950D-444C-42BE-9386-8FF5B160F6B3}.Release|Any CPU.Build.0 = Release|Any CPU
		{269330C4-757A-4524-8336-576969F40ABB}.Debug|Any CPU.ActiveCfg = Debug|Any CPU
		{269330C4-757A-4524-8336-576969F40ABB}.Debug|Any CPU.Build.0 = Debug|Any CPU
		{269330C4-757A-4524-8336-576969F40ABB}.Release|Any CPU.ActiveCfg = Release|Any CPU
		{269330C4-757A-4524-8336-576969F40ABB}.Release|Any CPU.Build.0 = Release|Any CPU
	EndGlobalSection
	GlobalSection(NestedProjects) = preSolution
		{97FF9A9D-EF39-47A0-ACF5-5D58A89BADEA} = {F0444358-7DE7-4A4F-902E-A0F8608E5734}
		{E1143420-88EA-4D22-9986-8596BA7AE697} = {F0444358-7DE7-4A4F-902E-A0F8608E5734}
		{6976AC9F-75F9-49FC-8AA4-2460DFFD4C99} = {F0444358-7DE7-4A4F-902E-A0F8608E5734}
		{CE5DF212-D33F-45EC-8AD7-50946E3176B7} = {F0444358-7DE7-4A4F-902E-A0F8608E5734}
		{6F967984-E4D2-41C1-A119-57FCF2FC892C} = {4EA9503B-0267-4995-98FB-79673CCF78CD}
		{23E2950D-444C-42BE-9386-8FF5B160F6B3} = {4EA9503B-0267-4995-98FB-79673CCF78CD}
		{269330C4-757A-4524-8336-576969F40ABB} = {4EA9503B-0267-4995-98FB-79673CCF78CD}
	EndGlobalSection
EndGlobal
